{
  "name": "codeceptjs-dbhelper",
  "version": "1.0.0",
  "lockfileVersion": 1,
  "requires": true,
  "dependencies": {
    "database-js": {
      "version": "3.0.3",
      "resolved": "https://registry.npmjs.org/database-js/-/database-js-3.0.3.tgz",
      "integrity": "sha512-EomWEDgasMlzfA+T5/AHkzZK0PMOs/Iqn5JtUTckhA69FStgZDnWlBw1gJTOYqeJ9yjLsx6t2F8S/czxFMtLjA=="
    }
  }
}
