{
  "name": "codeceptjs-dbhelper",
  "version": "1.0.0",
  "lockfileVersion": 1,
  "requires": true,
  "dependencies": {
    "database-js": {
      "version": "3.0.10",
      "resolved": "https://registry.npmjs.org/database-js/-/database-js-3.0.10.tgz",
      "integrity": "sha512-/ZojNPtbl4yucLZNoSVMCl3+/Qmk7q+3/oq1o3dxu28+MI+5x8HxeELr5/2ygAgZW67Ll7BXzlgEzeTiKSODeA=="
    }
  }
}
